// !$*UTF8*$!
{
	archiveVersion = 1;
	classes = {
	};
	objectVersion = 50;
	objects = {

/* Begin PBXBuildFile section */
		684D99992268DF5F00A046BE /* AccidentDetailViewController.swift in Sources */ = {isa = PBXBuildFile; fileRef = 684D99982268DF5F00A046BE /* AccidentDetailViewController.swift */; };
		68A4BFF8224FDA74000AD295 /* Accident.swift in Sources */ = {isa = PBXBuildFile; fileRef = 68A4BFF7224FDA74000AD295 /* Accident.swift */; };
		68A4BFFC224FDF76000AD295 /* AddAccidentViewController.swift in Sources */ = {isa = PBXBuildFile; fileRef = 68A4BFFB224FDF76000AD295 /* AddAccidentViewController.swift */; };
		68BD755E2227CE450069B584 /* AppDelegate.swift in Sources */ = {isa = PBXBuildFile; fileRef = 68BD755D2227CE450069B584 /* AppDelegate.swift */; };
		68BD75602227CE450069B584 /* AccidentsViewController.swift in Sources */ = {isa = PBXBuildFile; fileRef = 68BD755F2227CE450069B584 /* AccidentsViewController.swift */; };
		68BD75632227CE450069B584 /* Main.storyboard in Resources */ = {isa = PBXBuildFile; fileRef = 68BD75612227CE450069B584 /* Main.storyboard */; };
		68BD75652227CE480069B584 /* Assets.xcassets in Resources */ = {isa = PBXBuildFile; fileRef = 68BD75642227CE480069B584 /* Assets.xcassets */; };
		68BD75682227CE480069B584 /* LaunchScreen.storyboard in Resources */ = {isa = PBXBuildFile; fileRef = 68BD75662227CE480069B584 /* LaunchScreen.storyboard */; };
		68BD75702227D04E0069B584 /* AccidentsTableViewCell.swift in Sources */ = {isa = PBXBuildFile; fileRef = 68BD756F2227D04E0069B584 /* AccidentsTableViewCell.swift */; };
		8E22B439EC5BB3B1C981176F /* Pods_Accidente_Rutiere.framework in Frameworks */ = {isa = PBXBuildFile; fileRef = E288E7A29A1D6F1EE6F5F487 /* Pods_Accidente_Rutiere.framework */; };
/* End PBXBuildFile section */

/* Begin PBXFileReference section */
		27B174DBD0C43D378B338AFE /* Pods-Accidente Rutiere.release.xcconfig */ = {isa = PBXFileReference; includeInIndex = 1; lastKnownFileType = text.xcconfig; name = "Pods-Accidente Rutiere.release.xcconfig"; path = "Target Support Files/Pods-Accidente Rutiere/Pods-Accidente Rutiere.release.xcconfig"; sourceTree = "<group>"; };
		684D99982268DF5F00A046BE /* AccidentDetailViewController.swift */ = {isa = PBXFileReference; lastKnownFileType = sourcecode.swift; path = AccidentDetailViewController.swift; sourceTree = "<group>"; };
		68A4BFF7224FDA74000AD295 /* Accident.swift */ = {isa = PBXFileReference; lastKnownFileType = sourcecode.swift; path = Accident.swift; sourceTree = "<group>"; };
		68A4BFFB224FDF76000AD295 /* AddAccidentViewController.swift */ = {isa = PBXFileReference; lastKnownFileType = sourcecode.swift; path = AddAccidentViewController.swift; sourceTree = "<group>"; };
		68BD755A2227CE450069B584 /* Accidente Rutiere.app */ = {isa = PBXFileReference; explicitFileType = wrapper.application; includeInIndex = 0; path = "Accidente Rutiere.app"; sourceTree = BUILT_PRODUCTS_DIR; };
		68BD755D2227CE450069B584 /* AppDelegate.swift */ = {isa = PBXFileReference; lastKnownFileType = sourcecode.swift; path = AppDelegate.swift; sourceTree = "<group>"; };
		68BD755F2227CE450069B584 /* AccidentsViewController.swift */ = {isa = PBXFileReference; lastKnownFileType = sourcecode.swift; path = AccidentsViewController.swift; sourceTree = "<group>"; };
		68BD75622227CE450069B584 /* Base */ = {isa = PBXFileReference; lastKnownFileType = file.storyboard; name = Base; path = Base.lproj/Main.storyboard; sourceTree = "<group>"; };
		68BD75642227CE480069B584 /* Assets.xcassets */ = {isa = PBXFileReference; lastKnownFileType = folder.assetcatalog; path = Assets.xcassets; sourceTree = "<group>"; };
		68BD75672227CE480069B584 /* Base */ = {isa = PBXFileReference; lastKnownFileType = file.storyboard; name = Base; path = Base.lproj/LaunchScreen.storyboard; sourceTree = "<group>"; };
		68BD75692227CE480069B584 /* Info.plist */ = {isa = PBXFileReference; lastKnownFileType = text.plist.xml; path = Info.plist; sourceTree = "<group>"; };
		68BD756F2227D04E0069B584 /* AccidentsTableViewCell.swift */ = {isa = PBXFileReference; lastKnownFileType = sourcecode.swift; path = AccidentsTableViewCell.swift; sourceTree = "<group>"; };
		D4187357BD9A73CB48982C51 /* Pods-Accidente Rutiere.debug.xcconfig */ = {isa = PBXFileReference; includeInIndex = 1; lastKnownFileType = text.xcconfig; name = "Pods-Accidente Rutiere.debug.xcconfig"; path = "Target Support Files/Pods-Accidente Rutiere/Pods-Accidente Rutiere.debug.xcconfig"; sourceTree = "<group>"; };
		E288E7A29A1D6F1EE6F5F487 /* Pods_Accidente_Rutiere.framework */ = {isa = PBXFileReference; explicitFileType = wrapper.framework; includeInIndex = 0; path = Pods_Accidente_Rutiere.framework; sourceTree = BUILT_PRODUCTS_DIR; };
/* End PBXFileReference section */

/* Begin PBXFrameworksBuildPhase section */
		68BD75572227CE450069B584 /* Frameworks */ = {
			isa = PBXFrameworksBuildPhase;
			buildActionMask = 2147483647;
			files = (
				8E22B439EC5BB3B1C981176F /* Pods_Accidente_Rutiere.framework in Frameworks */,
			);
			runOnlyForDeploymentPostprocessing = 0;
		};
/* End PBXFrameworksBuildPhase section */

/* Begin PBXGroup section */
		68A4BFF9224FDCDB000AD295 /* Models */ = {
			isa = PBXGroup;
			children = (
				68BD756F2227D04E0069B584 /* AccidentsTableViewCell.swift */,
				68A4BFF7224FDA74000AD295 /* Accident.swift */,
			);
			path = Models;
			sourceTree = "<group>";
		};
		68A4BFFA224FDCFD000AD295 /* Controllers */ = {
			isa = PBXGroup;
			children = (
				68BD755F2227CE450069B584 /* AccidentsViewController.swift */,
				68A4BFFB224FDF76000AD295 /* AddAccidentViewController.swift */,
				684D99982268DF5F00A046BE /* AccidentDetailViewController.swift */,
			);
			path = Controllers;
			sourceTree = "<group>";
		};
		68BD75512227CE450069B584 = {
			isa = PBXGroup;
			children = (
				68BD755C2227CE450069B584 /* Accidente Rutiere */,
				68BD755B2227CE450069B584 /* Products */,
				F6B468D774A676291C348560 /* Pods */,
				C70070DDB2AFE43A4354B2F4 /* Frameworks */,
			);
			sourceTree = "<group>";
		};
		68BD755B2227CE450069B584 /* Products */ = {
			isa = PBXGroup;
			children = (
				68BD755A2227CE450069B584 /* Accidente Rutiere.app */,
			);
			name = Products;
			sourceTree = "<group>";
		};
		68BD755C2227CE450069B584 /* Accidente Rutiere */ = {
			isa = PBXGroup;
			children = (
				68A4BFFA224FDCFD000AD295 /* Controllers */,
				68A4BFF9224FDCDB000AD295 /* Models */,
				68BD755D2227CE450069B584 /* AppDelegate.swift */,
				68BD75612227CE450069B584 /* Main.storyboard */,
				68BD75642227CE480069B584 /* Assets.xcassets */,
				68BD75662227CE480069B584 /* LaunchScreen.storyboard */,
				68BD75692227CE480069B584 /* Info.plist */,
			);
			path = "Accidente Rutiere";
			sourceTree = "<group>";
		};
		C70070DDB2AFE43A4354B2F4 /* Frameworks */ = {
			isa = PBXGroup;
			children = (
				E288E7A29A1D6F1EE6F5F487 /* Pods_Accidente_Rutiere.framework */,
			);
			name = Frameworks;
			sourceTree = "<group>";
		};
		F6B468D774A676291C348560 /* Pods */ = {
			isa = PBXGroup;
			children = (
				D4187357BD9A73CB48982C51 /* Pods-Accidente Rutiere.debug.xcconfig */,
				27B174DBD0C43D378B338AFE /* Pods-Accidente Rutiere.release.xcconfig */,
			);
			path = Pods;
			sourceTree = "<group>";
		};
/* End PBXGroup section */

/* Begin PBXNativeTarget section */
		68BD75592227CE450069B584 /* Accidente Rutiere */ = {
			isa = PBXNativeTarget;
			buildConfigurationList = 68BD756C2227CE480069B584 /* Build configuration list for PBXNativeTarget "Accidente Rutiere" */;
			buildPhases = (
				E2D24D174B11993712AA1BFF /* [CP] Check Pods Manifest.lock */,
				68BD75562227CE450069B584 /* Sources */,
				68BD75572227CE450069B584 /* Frameworks */,
				68BD75582227CE450069B584 /* Resources */,
				5AD3B8045A5F76DCCFA1B376 /* [CP] Embed Pods Frameworks */,
			);
			buildRules = (
			);
			dependencies = (
			);
			name = "Accidente Rutiere";
			productName = "Accidente Rutiere";
			productReference = 68BD755A2227CE450069B584 /* Accidente Rutiere.app */;
			productType = "com.apple.product-type.application";
		};
/* End PBXNativeTarget section */

/* Begin PBXProject section */
		68BD75522227CE450069B584 /* Project object */ = {
			isa = PBXProject;
			attributes = {
				LastSwiftUpdateCheck = 1010;
				LastUpgradeCheck = 1010;
				ORGANIZATIONNAME = "Paul-Cristian Vasile";
				TargetAttributes = {
					68BD75592227CE450069B584 = {
						CreatedOnToolsVersion = 10.1;
						LastSwiftMigration = 1020;
					};
				};
			};
			buildConfigurationList = 68BD75552227CE450069B584 /* Build configuration list for PBXProject "Accidente Rutiere" */;
			compatibilityVersion = "Xcode 9.3";
			developmentRegion = en;
			hasScannedForEncodings = 0;
			knownRegions = (
				en,
				Base,
			);
			mainGroup = 68BD75512227CE450069B584;
			productRefGroup = 68BD755B2227CE450069B584 /* Products */;
			projectDirPath = "";
			projectRoot = "";
			targets = (
				68BD75592227CE450069B584 /* Accidente Rutiere */,
			);
		};
/* End PBXProject section */

/* Begin PBXResourcesBuildPhase section */
		68BD75582227CE450069B584 /* Resources */ = {
			isa = PBXResourcesBuildPhase;
			buildActionMask = 2147483647;
			files = (
				68BD75682227CE480069B584 /* LaunchScreen.storyboard in Resources */,
				68BD75652227CE480069B584 /* Assets.xcassets in Resources */,
				68BD75632227CE450069B584 /* Main.storyboard in Resources */,
			);
			runOnlyForDeploymentPostprocessing = 0;
		};
/* End PBXResourcesBuildPhase section */

/* Begin PBXShellScriptBuildPhase section */
		5AD3B8045A5F76DCCFA1B376 /* [CP] Embed Pods Frameworks */ = {
			isa = PBXShellScriptBuildPhase;
			buildActionMask = 2147483647;
			files = (
			);
			inputFileListPaths = (
			);
			inputPaths = (
				"${PODS_ROOT}/Target Support Files/Pods-Accidente Rutiere/Pods-Accidente Rutiere-frameworks.sh",
				"${BUILT_PRODUCTS_DIR}/Realm/Realm.framework",
				"${BUILT_PRODUCTS_DIR}/RealmSwift/RealmSwift.framework",
			);
			name = "[CP] Embed Pods Frameworks";
			outputFileListPaths = (
			);
			outputPaths = (
				"${TARGET_BUILD_DIR}/${FRAMEWORKS_FOLDER_PATH}/Realm.framework",
				"${TARGET_BUILD_DIR}/${FRAMEWORKS_FOLDER_PATH}/RealmSwift.framework",
			);
			runOnlyForDeploymentPostprocessing = 0;
			shellPath = /bin/sh;
			shellScript = "\"${PODS_ROOT}/Target Support Files/Pods-Accidente Rutiere/Pods-Accidente Rutiere-frameworks.sh\"\n";
			showEnvVarsInLog = 0;
		};
		E2D24D174B11993712AA1BFF /* [CP] Check Pods Manifest.lock */ = {
			isa = PBXShellScriptBuildPhase;
			buildActionMask = 2147483647;
			files = (
			);
			inputFileListPaths = (
			);
			inputPaths = (
				"${PODS_PODFILE_DIR_PATH}/Podfile.lock",
				"${PODS_ROOT}/Manifest.lock",
			);
			name = "[CP] Check Pods Manifest.lock";
			outputFileListPaths = (
			);
			outputPaths = (
				"$(DERIVED_FILE_DIR)/Pods-Accidente Rutiere-checkManifestLockResult.txt",
			);
			runOnlyForDeploymentPostprocessing = 0;
			shellPath = /bin/sh;
			shellScript = "diff \"${PODS_PODFILE_DIR_PATH}/Podfile.lock\" \"${PODS_ROOT}/Manifest.lock\" > /dev/null\nif [ $? != 0 ] ; then\n    # print error to STDERR\n    echo \"error: The sandbox is not in sync with the Podfile.lock. Run 'pod install' or update your CocoaPods installation.\" >&2\n    exit 1\nfi\n# This output is used by Xcode 'outputs' to avoid re-running this script phase.\necho \"SUCCESS\" > \"${SCRIPT_OUTPUT_FILE_0}\"\n";
			showEnvVarsInLog = 0;
		};
/* End PBXShellScriptBuildPhase section */

/* Begin PBXSourcesBuildPhase section */
		68BD75562227CE450069B584 /* Sources */ = {
			isa = PBXSourcesBuildPhase;
			buildActionMask = 2147483647;
			files = (
				68A4BFFC224FDF76000AD295 /* AddAccidentViewController.swift in Sources */,
				68A4BFF8224FDA74000AD295 /* Accident.swift in Sources */,
				68BD75702227D04E0069B584 /* AccidentsTableViewCell.swift in Sources */,
				68BD75602227CE450069B584 /* AccidentsViewController.swift in Sources */,
				684D99992268DF5F00A046BE /* AccidentDetailViewController.swift in Sources */,
				68BD755E2227CE450069B584 /* AppDelegate.swift in Sources */,
			);
			runOnlyForDeploymentPostprocessing = 0;
		};
/* End PBXSourcesBuildPhase section */

/* Begin PBXVariantGroup section */
		68BD75612227CE450069B584 /* Main.storyboard */ = {
			isa = PBXVariantGroup;
			children = (
				68BD75622227CE450069B584 /* Base */,
			);
			name = Main.storyboard;
			sourceTree = "<group>";
		};
		68BD75662227CE480069B584 /* LaunchScreen.storyboard */ = {
			isa = PBXVariantGroup;
			children = (
				68BD75672227CE480069B584 /* Base */,
			);
			name = LaunchScreen.storyboard;
			sourceTree = "<group>";
		};
/* End PBXVariantGroup section */

/* Begin XCBuildConfiguration section */
		68BD756A2227CE480069B584 /* Debug */ = {
			isa = XCBuildConfiguration;
			buildSettings = {
				ALWAYS_SEARCH_USER_PATHS = NO;
				CLANG_ANALYZER_NONNULL = YES;
				CLANG_ANALYZER_NUMBER_OBJECT_CONVERSION = YES_AGGRESSIVE;
				CLANG_CXX_LANGUAGE_STANDARD = "gnu++14";
				CLANG_CXX_LIBRARY = "libc++";
				CLANG_ENABLE_MODULES = YES;
				CLANG_ENABLE_OBJC_ARC = YES;
				CLANG_ENABLE_OBJC_WEAK = YES;
				CLANG_WARN_BLOCK_CAPTURE_AUTORELEASING = YES;
				CLANG_WARN_BOOL_CONVERSION = YES;
				CLANG_WARN_COMMA = YES;
				CLANG_WARN_CONSTANT_CONVERSION = YES;
				CLANG_WARN_DEPRECATED_OBJC_IMPLEMENTATIONS = YES;
				CLANG_WARN_DIRECT_OBJC_ISA_USAGE = YES_ERROR;
				CLANG_WARN_DOCUMENTATION_COMMENTS = YES;
				CLANG_WARN_EMPTY_BODY = YES;
				CLANG_WARN_ENUM_CONVERSION = YES;
				CLANG_WARN_INFINITE_RECURSION = YES;
				CLANG_WARN_INT_CONVERSION = YES;
				CLANG_WARN_NON_LITERAL_NULL_CONVERSION = YES;
				CLANG_WARN_OBJC_IMPLICIT_RETAIN_SELF = YES;
				CLANG_WARN_OBJC_LITERAL_CONVERSION = YES;
				CLANG_WARN_OBJC_ROOT_CLASS = YES_ERROR;
				CLANG_WARN_RANGE_LOOP_ANALYSIS = YES;
				CLANG_WARN_STRICT_PROTOTYPES = YES;
				CLANG_WARN_SUSPICIOUS_MOVE = YES;
				CLANG_WARN_UNGUARDED_AVAILABILITY = YES_AGGRESSIVE;
				CLANG_WARN_UNREACHABLE_CODE = YES;
				CLANG_WARN__DUPLICATE_METHOD_MATCH = YES;
				CODE_SIGN_IDENTITY = "iPhone Developer";
				COPY_PHASE_STRIP = NO;
				DEBUG_INFORMATION_FORMAT = dwarf;
				ENABLE_STRICT_OBJC_MSGSEND = YES;
				ENABLE_TESTABILITY = YES;
				GCC_C_LANGUAGE_STANDARD = gnu11;
				GCC_DYNAMIC_NO_PIC = NO;
				GCC_NO_COMMON_BLOCKS = YES;
				GCC_OPTIMIZATION_LEVEL = 0;
				GCC_PREPROCESSOR_DEFINITIONS = (
					"DEBUG=1",
					"$(inherited)",
				);
				GCC_WARN_64_TO_32_BIT_CONVERSION = YES;
				GCC_WARN_ABOUT_RETURN_TYPE = YES_ERROR;
				GCC_WARN_UNDECLARED_SELECTOR = YES;
				GCC_WARN_UNINITIALIZED_AUTOS = YES_AGGRESSIVE;
				GCC_WARN_UNUSED_FUNCTION = YES;
				GCC_WARN_UNUSED_VARIABLE = YES;
				IPHONEOS_DEPLOYMENT_TARGET = 12.1;
				MTL_ENABLE_DEBUG_INFO = INCLUDE_SOURCE;
				MTL_FAST_MATH = YES;
				ONLY_ACTIVE_ARCH = YES;
				SDKROOT = iphoneos;
				SWIFT_ACTIVE_COMPILATION_CONDITIONS = DEBUG;
				SWIFT_OPTIMIZATION_LEVEL = "-Onone";
			};
			name = Debug;
		};
		68BD756B2227CE480069B584 /* Release */ = {
			isa = XCBuildConfiguration;
			buildSettings = {
				ALWAYS_SEARCH_USER_PATHS = NO;
				CLANG_ANALYZER_NONNULL = YES;
				CLANG_ANALYZER_NUMBER_OBJECT_CONVERSION = YES_AGGRESSIVE;
				CLANG_CXX_LANGUAGE_STANDARD = "gnu++14";
				CLANG_CXX_LIBRARY = "libc++";
				CLANG_ENABLE_MODULES = YES;
				CLANG_ENABLE_OBJC_ARC = YES;
				CLANG_ENABLE_OBJC_WEAK = YES;
				CLANG_WARN_BLOCK_CAPTURE_AUTORELEASING = YES;
				CLANG_WARN_BOOL_CONVERSION = YES;
				CLANG_WARN_COMMA = YES;
				CLANG_WARN_CONSTANT_CONVERSION = YES;
				CLANG_WARN_DEPRECATED_OBJC_IMPLEMENTATIONS = YES;
				CLANG_WARN_DIRECT_OBJC_ISA_USAGE = YES_ERROR;
				CLANG_WARN_DOCUMENTATION_COMMENTS = YES;
				CLANG_WARN_EMPTY_BODY = YES;
				CLANG_WARN_ENUM_CONVERSION = YES;
				CLANG_WARN_INFINITE_RECURSION = YES;
				CLANG_WARN_INT_CONVERSION = YES;
				CLANG_WARN_NON_LITERAL_NULL_CONVERSION = YES;
				CLANG_WARN_OBJC_IMPLICIT_RETAIN_SELF = YES;
				CLANG_WARN_OBJC_LITERAL_CONVERSION = YES;
				CLANG_WARN_OBJC_ROOT_CLASS = YES_ERROR;
				CLANG_WARN_RANGE_LOOP_ANALYSIS = YES;
				CLANG_WARN_STRICT_PROTOTYPES = YES;
				CLANG_WARN_SUSPICIOUS_MOVE = YES;
				CLANG_WARN_UNGUARDED_AVAILABILITY = YES_AGGRESSIVE;
				CLANG_WARN_UNREACHABLE_CODE = YES;
				CLANG_WARN__DUPLICATE_METHOD_MATCH = YES;
				CODE_SIGN_IDENTITY = "iPhone Developer";
				COPY_PHASE_STRIP = NO;
				DEBUG_INFORMATION_FORMAT = "dwarf-with-dsym";
				ENABLE_NS_ASSERTIONS = NO;
				ENABLE_STRICT_OBJC_MSGSEND = YES;
				GCC_C_LANGUAGE_STANDARD = gnu11;
				GCC_NO_COMMON_BLOCKS = YES;
				GCC_WARN_64_TO_32_BIT_CONVERSION = YES;
				GCC_WARN_ABOUT_RETURN_TYPE = YES_ERROR;
				GCC_WARN_UNDECLARED_SELECTOR = YES;
				GCC_WARN_UNINITIALIZED_AUTOS = YES_AGGRESSIVE;
				GCC_WARN_UNUSED_FUNCTION = YES;
				GCC_WARN_UNUSED_VARIABLE = YES;
				IPHONEOS_DEPLOYMENT_TARGET = 12.1;
				MTL_ENABLE_DEBUG_INFO = NO;
				MTL_FAST_MATH = YES;
				SDKROOT = iphoneos;
				SWIFT_COMPILATION_MODE = wholemodule;
				SWIFT_OPTIMIZATION_LEVEL = "-O";
				VALIDATE_PRODUCT = YES;
			};
			name = Release;
		};
		68BD756D2227CE480069B584 /* Debug */ = {
			isa = XCBuildConfiguration;
			baseConfigurationReference = D4187357BD9A73CB48982C51 /* Pods-Accidente Rutiere.debug.xcconfig */;
			buildSettings = {
				ASSETCATALOG_COMPILER_APPICON_NAME = AppIcon;
				CODE_SIGN_STYLE = Automatic;
				DEVELOPMENT_TEAM = QA725BHY3H;
				INFOPLIST_FILE = "Accidente Rutiere/Info.plist";
				LD_RUNPATH_SEARCH_PATHS = (
					"$(inherited)",
					"@executable_path/Frameworks",
				);
				PRODUCT_BUNDLE_IDENTIFIER = "WAS.Accidente-Rutiere";
				PRODUCT_NAME = "$(TARGET_NAME)";
				SWIFT_VERSION = 5.0;
				TARGETED_DEVICE_FAMILY = "1,2";
			};
			name = Debug;
		};
		68BD756E2227CE480069B584 /* Release */ = {
			isa = XCBuildConfiguration;
			baseConfigurationReference = 27B174DBD0C43D378B338AFE /* Pods-Accidente Rutiere.release.xcconfig */;
			buildSettings = {
				ASSETCATALOG_COMPILER_APPICON_NAME = AppIcon;
				CODE_SIGN_STYLE = Automatic;
				DEVELOPMENT_TEAM = QA725BHY3H;
				INFOPLIST_FILE = "Accidente Rutiere/Info.plist";
				LD_RUNPATH_SEARCH_PATHS = (
					"$(inherited)",
					"@executable_path/Frameworks",
				);
				PRODUCT_BUNDLE_IDENTIFIER = "WAS.Accidente-Rutiere";
				PRODUCT_NAME = "$(TARGET_NAME)";
				SWIFT_VERSION = 5.0;
				TARGETED_DEVICE_FAMILY = "1,2";
			};
			name = Release;
		};
/* End XCBuildConfiguration section */

/* Begin XCConfigurationList section */
		68BD75552227CE450069B584 /* Build configuration list for PBXProject "Accidente Rutiere" */ = {
			isa = XCConfigurationList;
			buildConfigurations = (
				68BD756A2227CE480069B584 /* Debug */,
				68BD756B2227CE480069B584 /* Release */,
			);
			defaultConfigurationIsVisible = 0;
			defaultConfigurationName = Release;
		};
		68BD756C2227CE480069B584 /* Build configuration list for PBXNativeTarget "Accidente Rutiere" */ = {
			isa = XCConfigurationList;
			buildConfigurations = (
				68BD756D2227CE480069B584 /* Debug */,
				68BD756E2227CE480069B584 /* Release */,
			);
			defaultConfigurationIsVisible = 0;
			defaultConfigurationName = Release;
		};
/* End XCConfigurationList section */
	};
	rootObject = 68BD75522227CE450069B584 /* Project object */;
}
